
Microsoft Visual Studio Solution File, Format Version 9.00
# Visual Studio 2005
Project("{E24C65DC-7377-472B-9ABA-BC803B73C61A}") = "E:\...\WebGIS\", ".", "{6FDA1985-85F8-4580-9ED2-D4D2D5898D4C}"
	ProjectSection(WebsiteProperties) = preProject
		Debug.AspNetCompiler.VirtualPath = "/WebGIS"
		Debug.AspNetCompiler.PhysicalPath = "E:\WORK\2014\MapxtremeWeb\WebGIS\"
		Debug.AspNetCompiler.TargetPath = "PrecompiledWeb\WebGIS\"
		Debug.AspNetCompiler.Updateable = "true"
		Debug.AspNetCompiler.ForceOverwrite = "true"
		Debug.AspNetCompiler.FixedNames = "false"
		Debug.AspNetCompiler.Debug = "True"
		Release.AspNetCompiler.VirtualPath = "/WebGIS"
		Release.AspNetCompiler.PhysicalPath = "E:\WORK\2014\MapxtremeWeb\WebGIS\"
		Release.AspNetCompiler.TargetPath = "PrecompiledWeb\WebGIS\"
		Release.AspNetCompiler.Updateable = "true"
		Release.AspNetCompiler.ForceOverwrite = "true"
		Release.AspNetCompiler.FixedNames = "false"
		Release.AspNetCompiler.Debug = "False"
		VWDPort = "64677"
	EndProjectSection
EndProject
Global
	GlobalSection(SolutionConfigurationPlatforms) = preSolution
		Debug|.NET = Debug|.NET
	EndGlobalSection
	GlobalSection(ProjectConfigurationPlatforms) = postSolution
		{6FDA1985-85F8-4580-9ED2-D4D2D5898D4C}.Debug|.NET.ActiveCfg = Debug|.NET
		{6FDA1985-85F8-4580-9ED2-D4D2D5898D4C}.Debug|.NET.Build.0 = Debug|.NET
	EndGlobalSection
	GlobalSection(SolutionProperties) = preSolution
		HideSolutionNode = FALSE
	EndGlobalSection
EndGlobal
